cookbook 'apache2', :locked_version => '1.2.0'
cookbook 'apt', :locked_version => '1.5.0'
cookbook 'build-essential', :locked_version => '1.2.0'
cookbook 'collectd', :git => 'git://github.com/ChrisLundquist/chef-collectd.git', :ref => 'echelon'
cookbook 'collectd_plugins', :git => 'git@github.com:ChrisLundquist/chef-collectd_plugins.git', :ref => 'echelon'
cookbook 'discovery', :locked_version => '0.1.7'
cookbook 'erlang', :locked_version => '1.1.0'
cookbook 'gdash', :git => 'git://github.com/ChrisLundquist/chef-gdash.git', :ref => 'echelon-update'
cookbook 'graphite', :git => 'git://github.com/ChrisLundquist/graphite.git', :ref => 'firewall'
cookbook 'iptables', :locked_version => '0.10.0'
cookbook 'log_rotations', :locked_version => '0.0.1'
cookbook 'logrotate', :locked_version => '1.0.2'
cookbook 'openssh', :git => 'git://github.com/ChrisLundquist/openssh.git', :ref => 'firewall'
cookbook 'python', :locked_version => '1.0.8'
cookbook 'rabbitmq', :locked_version => '1.6.4'
cookbook 'redis', :git => 'git://github.com/miah/chef-redis.git', :ref => 'd5599e7b7a762bb90c0a24f407670abe6746b666'
cookbook 'runit', :locked_version => '0.15.0'
cookbook 'unicorn', :locked_version => '1.1.0'
cookbook 'sensu', :locked_version => '0.1.6'
cookbook 'yum', :locked_version => '1.0.0'